[root]
name = "rustc-main"
version = "0.0.0"
dependencies = [
 "rustc_back 0.0.0",
 "rustc_driver 0.0.0",
 "std 0.0.0",
]

[[package]]
name = "advapi32-sys"
version = "0.1.2"
source = "registry+https://github.com/rust-lang/crates.io-index"
dependencies = [
 "winapi 0.2.2 (registry+https://github.com/rust-lang/crates.io-index)",
 "winapi-build 0.1.1 (registry+https://github.com/rust-lang/crates.io-index)",
]

[[package]]
name = "aho-corasick"
version = "0.3.2"
source = "registry+https://github.com/rust-lang/crates.io-index"
dependencies = [
 "memchr 0.1.6 (registry+https://github.com/rust-lang/crates.io-index)",
]

[[package]]
name = "alloc"
version = "0.0.0"
dependencies = [
 "alloc_system 0.0.0",
 "core 0.0.0",
 "libc 0.0.0",
]

[[package]]
name = "alloc_jemalloc"
version = "0.0.0"
dependencies = [
 "build_helper 0.1.0",
 "core 0.0.0",
 "libc 0.0.0",
]

[[package]]
name = "alloc_system"
version = "0.0.0"
dependencies = [
 "core 0.0.0",
 "libc 0.0.0",
]

[[package]]
name = "arena"
version = "0.0.0"

[[package]]
name = "build_helper"
version = "0.1.0"

[[package]]
name = "collections"
version = "0.0.0"
dependencies = [
 "alloc 0.0.0",
 "core 0.0.0",
 "rustc_unicode 0.0.0",
]

[[package]]
name = "core"
version = "0.0.0"

[[package]]
name = "diff"
version = "0.1.5"
source = "registry+https://github.com/rust-lang/crates.io-index"

[[package]]
name = "docopt"
version = "0.6.72"
source = "registry+https://github.com/rust-lang/crates.io-index"
dependencies = [
 "regex 0.1.41 (registry+https://github.com/rust-lang/crates.io-index)",
 "rustc-serialize 0.3.16 (registry+https://github.com/rust-lang/crates.io-index)",
 "strsim 0.3.0 (registry+https://github.com/rust-lang/crates.io-index)",
]

[[package]]
name = "env_logger"
version = "0.3.1"
source = "registry+https://github.com/rust-lang/crates.io-index"
dependencies = [
 "log 0.3.2 (registry+https://github.com/rust-lang/crates.io-index)",
 "regex 0.1.41 (registry+https://github.com/rust-lang/crates.io-index)",
]

[[package]]
name = "flate"
version = "0.0.0"
dependencies = [
 "build_helper 0.1.0",
 "gcc 0.3.13 (registry+https://github.com/rust-lang/crates.io-index)",
]

[[package]]
name = "fmt_macros"
version = "0.0.0"

[[package]]
name = "gcc"
version = "0.3.13"
source = "registry+https://github.com/rust-lang/crates.io-index"
dependencies = [
 "advapi32-sys 0.1.2 (registry+https://github.com/rust-lang/crates.io-index)",
 "winapi 0.2.2 (registry+https://github.com/rust-lang/crates.io-index)",
]

[[package]]
name = "getopts"
version = "0.0.0"

[[package]]
name = "graphviz"
version = "0.0.0"

[[package]]
name = "itertools"
version = "0.3.25"
source = "registry+https://github.com/rust-lang/crates.io-index"

[[package]]
name = "kernel32-sys"
version = "0.1.4"
source = "registry+https://github.com/rust-lang/crates.io-index"
dependencies = [
 "winapi 0.2.2 (registry+https://github.com/rust-lang/crates.io-index)",
 "winapi-build 0.1.1 (registry+https://github.com/rust-lang/crates.io-index)",
]

[[package]]
name = "lalrpop"
version = "0.5.0"
source = "git+https://github.com/nikomatsakis/lalrpop#098cfb1639ed00e74962c6555b0996bed3427e06"
dependencies = [
 "diff 0.1.5 (registry+https://github.com/rust-lang/crates.io-index)",
 "itertools 0.3.25 (registry+https://github.com/rust-lang/crates.io-index)",
 "lalrpop-intern 0.5.0 (git+https://github.com/nikomatsakis/lalrpop)",
 "lalrpop-snap 0.5.0 (git+https://github.com/nikomatsakis/lalrpop)",
 "lalrpop-util 0.5.0 (git+https://github.com/nikomatsakis/lalrpop)",
 "rand 0.3.11 (registry+https://github.com/rust-lang/crates.io-index)",
 "regex 0.1.41 (registry+https://github.com/rust-lang/crates.io-index)",
 "term 0.2.11 (registry+https://github.com/rust-lang/crates.io-index)",
 "unicode-xid 0.0.2 (registry+https://github.com/rust-lang/crates.io-index)",
]

[[package]]
name = "lalrpop-intern"
version = "0.5.0"
source = "git+https://github.com/nikomatsakis/lalrpop#098cfb1639ed00e74962c6555b0996bed3427e06"

[[package]]
name = "lalrpop-snap"
version = "0.5.0"
source = "git+https://github.com/nikomatsakis/lalrpop#098cfb1639ed00e74962c6555b0996bed3427e06"
dependencies = [
 "diff 0.1.5 (registry+https://github.com/rust-lang/crates.io-index)",
 "itertools 0.3.25 (registry+https://github.com/rust-lang/crates.io-index)",
 "lalrpop-intern 0.5.0 (git+https://github.com/nikomatsakis/lalrpop)",
 "lalrpop-util 0.5.0 (git+https://github.com/nikomatsakis/lalrpop)",
 "rand 0.3.11 (registry+https://github.com/rust-lang/crates.io-index)",
 "regex 0.1.41 (registry+https://github.com/rust-lang/crates.io-index)",
 "rusty-peg 0.3.0 (registry+https://github.com/rust-lang/crates.io-index)",
 "term 0.2.11 (registry+https://github.com/rust-lang/crates.io-index)",
 "unicode-xid 0.0.2 (registry+https://github.com/rust-lang/crates.io-index)",
]

[[package]]
name = "lalrpop-util"
version = "0.5.0"
source = "git+https://github.com/nikomatsakis/lalrpop#098cfb1639ed00e74962c6555b0996bed3427e06"

[[package]]
name = "libc"
version = "0.0.0"
dependencies = [
 "core 0.0.0",
]

[[package]]
name = "libc"
version = "0.1.10"
source = "registry+https://github.com/rust-lang/crates.io-index"

[[package]]
name = "log"
version = "0.0.0"

[[package]]
name = "log"
version = "0.3.2"
source = "registry+https://github.com/rust-lang/crates.io-index"
dependencies = [
 "libc 0.1.10 (registry+https://github.com/rust-lang/crates.io-index)",
]

[[package]]
name = "memchr"
version = "0.1.6"
source = "registry+https://github.com/rust-lang/crates.io-index"
dependencies = [
 "libc 0.1.10 (registry+https://github.com/rust-lang/crates.io-index)",
]

[[package]]
name = "rand"
version = "0.0.0"
dependencies = [
 "core 0.0.0",
]

[[package]]
name = "rand"
version = "0.3.11"
source = "registry+https://github.com/rust-lang/crates.io-index"
dependencies = [
 "advapi32-sys 0.1.2 (registry+https://github.com/rust-lang/crates.io-index)",
 "libc 0.1.10 (registry+https://github.com/rust-lang/crates.io-index)",
 "winapi 0.2.2 (registry+https://github.com/rust-lang/crates.io-index)",
]

[[package]]
name = "rbml"
version = "0.0.0"
dependencies = [
 "log 0.0.0",
 "serialize 0.0.0",
]

[[package]]
name = "readline"
version = "0.1.0"
source = "git+https://github.com/shaleh/rust-readline#8d6cc7e6dec14500563f35beb0b5524f2657bb43"
dependencies = [
 "libc 0.1.10 (registry+https://github.com/rust-lang/crates.io-index)",
]

[[package]]
name = "regex"
version = "0.1.41"
source = "registry+https://github.com/rust-lang/crates.io-index"
dependencies = [
 "aho-corasick 0.3.2 (registry+https://github.com/rust-lang/crates.io-index)",
 "memchr 0.1.6 (registry+https://github.com/rust-lang/crates.io-index)",
 "regex-syntax 0.2.1 (registry+https://github.com/rust-lang/crates.io-index)",
]

[[package]]
name = "regex-syntax"
version = "0.2.1"
source = "registry+https://github.com/rust-lang/crates.io-index"

[[package]]
name = "rustc"
version = "0.0.0"
dependencies = [
 "arena 0.0.0",
 "flate 0.0.0",
 "fmt_macros 0.0.0",
 "getopts 0.0.0",
 "graphviz 0.0.0",
 "log 0.0.0",
 "rbml 0.0.0",
 "rustc_back 0.0.0",
 "rustc_data_structures 0.0.0",
 "rustc_llvm 0.0.0",
 "serialize 0.0.0",
 "syntax 0.0.0",
 "tir 0.1.0",
]

[[package]]
name = "rustc-serialize"
version = "0.3.16"
source = "registry+https://github.com/rust-lang/crates.io-index"

[[package]]
name = "rustc_back"
version = "0.0.0"
dependencies = [
 "log 0.0.0",
 "rustc_llvm 0.0.0",
 "serialize 0.0.0",
 "syntax 0.0.0",
]

[[package]]
name = "rustc_bitflags"
version = "0.0.0"
dependencies = [
 "core 0.0.0",
]

[[package]]
name = "rustc_borrowck"
version = "0.0.0"
dependencies = [
 "graphviz 0.0.0",
 "log 0.0.0",
 "rustc 0.0.0",
 "syntax 0.0.0",
]

[[package]]
name = "rustc_data_structures"
version = "0.0.0"
dependencies = [
 "log 0.0.0",
 "serialize 0.0.0",
]

[[package]]
name = "rustc_driver"
version = "0.0.0"
dependencies = [
 "arena 0.0.0",
 "flate 0.0.0",
 "getopts 0.0.0",
 "graphviz 0.0.0",
 "log 0.0.0",
 "rustc 0.0.0",
 "rustc_back 0.0.0",
 "rustc_borrowck 0.0.0",
 "rustc_lint 0.0.0",
 "rustc_llvm 0.0.0",
 "rustc_privacy 0.0.0",
 "rustc_resolve 0.0.0",
 "rustc_trans 0.0.0",
 "rustc_typeck 0.0.0",
 "serialize 0.0.0",
 "syntax 0.0.0",
 "tir 0.1.0",
]

[[package]]
name = "rustc_lint"
version = "0.0.0"
dependencies = [
 "log 0.0.0",
 "rustc 0.0.0",
 "syntax 0.0.0",
]

[[package]]
name = "rustc_llvm"
version = "0.0.0"
dependencies = [
 "build_helper 0.1.0",
 "gcc 0.3.13 (registry+https://github.com/rust-lang/crates.io-index)",
]

[[package]]
name = "rustc_platform_intrinsics"
version = "0.0.0"
dependencies = [
 "rustc 0.0.0",
 "rustc_llvm 0.0.0",
]

[[package]]
name = "rustc_privacy"
version = "0.0.0"
dependencies = [
 "log 0.0.0",
 "rustc 0.0.0",
 "syntax 0.0.0",
]

[[package]]
name = "rustc_resolve"
version = "0.0.0"
dependencies = [
 "log 0.0.0",
 "rustc 0.0.0",
 "syntax 0.0.0",
]

[[package]]
name = "rustc_trans"
version = "0.0.0"
dependencies = [
 "arena 0.0.0",
 "flate 0.0.0",
 "getopts 0.0.0",
 "graphviz 0.0.0",
 "log 0.0.0",
 "rustc 0.0.0",
 "rustc_back 0.0.0",
 "rustc_llvm 0.0.0",
 "rustc_platform_intrinsics 0.0.0",
 "serialize 0.0.0",
 "syntax 0.0.0",
]

[[package]]
name = "rustc_typeck"
version = "0.0.0"
dependencies = [
 "arena 0.0.0",
 "fmt_macros 0.0.0",
 "log 0.0.0",
 "rustc 0.0.0",
 "rustc_platform_intrinsics 0.0.0",
 "syntax 0.0.0",
]

[[package]]
name = "rustc_unicode"
version = "0.0.0"
dependencies = [
 "core 0.0.0",
]

[[package]]
name = "rusty-peg"
version = "0.3.0"
source = "registry+https://github.com/rust-lang/crates.io-index"
dependencies = [
 "regex 0.1.41 (registry+https://github.com/rust-lang/crates.io-index)",
]

[[package]]
name = "serialize"
version = "0.0.0"
dependencies = [
 "log 0.0.0",
]

[[package]]
name = "std"
version = "0.0.0"
dependencies = [
 "alloc 0.0.0",
 "alloc_jemalloc 0.0.0",
 "alloc_system 0.0.0",
 "build_helper 0.1.0",
 "collections 0.0.0",
 "core 0.0.0",
 "gcc 0.3.13 (registry+https://github.com/rust-lang/crates.io-index)",
 "libc 0.0.0",
 "rand 0.0.0",
 "rustc_bitflags 0.0.0",
 "rustc_unicode 0.0.0",
]

[[package]]
name = "strsim"
version = "0.3.0"
source = "registry+https://github.com/rust-lang/crates.io-index"

[[package]]
name = "syntax"
version = "0.0.0"
dependencies = [
 "arena 0.0.0",
 "fmt_macros 0.0.0",
 "log 0.0.0",
 "serialize 0.0.0",
 "term 0.0.0",
]

[[package]]
name = "term"
version = "0.0.0"
dependencies = [
 "log 0.0.0",
]

[[package]]
name = "term"
version = "0.2.11"
source = "registry+https://github.com/rust-lang/crates.io-index"
dependencies = [
 "kernel32-sys 0.1.4 (registry+https://github.com/rust-lang/crates.io-index)",
 "winapi 0.2.2 (registry+https://github.com/rust-lang/crates.io-index)",
]

[[package]]
name = "tir"
version = "0.1.0"
dependencies = [
 "docopt 0.6.72 (registry+https://github.com/rust-lang/crates.io-index)",
 "env_logger 0.3.1 (registry+https://github.com/rust-lang/crates.io-index)",
 "lalrpop 0.5.0 (git+https://github.com/nikomatsakis/lalrpop)",
 "lalrpop-util 0.5.0 (git+https://github.com/nikomatsakis/lalrpop)",
 "log 0.3.2 (registry+https://github.com/rust-lang/crates.io-index)",
 "readline 0.1.0 (git+https://github.com/shaleh/rust-readline)",
 "rustc-serialize 0.3.16 (registry+https://github.com/rust-lang/crates.io-index)",
 "term 0.2.11 (registry+https://github.com/rust-lang/crates.io-index)",
]

[[package]]
name = "unicode-xid"
version = "0.0.2"
source = "registry+https://github.com/rust-lang/crates.io-index"

[[package]]
name = "winapi"
version = "0.2.2"
source = "registry+https://github.com/rust-lang/crates.io-index"

[[package]]
name = "winapi-build"
version = "0.1.1"
source = "registry+https://github.com/rust-lang/crates.io-index"

